
Microsoft Visual Studio Solution File, Format Version 12.00
# Visual Studio 15
VisualStudioVersion = 15.0.28307.572
MinimumVisualStudioVersion = 10.0.40219.1
Project("{FAE04EC0-301F-11D3-BF4B-00C04F79EFBC}") = "CrudUsuario", "CrudUsuario\CrudUsuario.csproj", "{DA838510-F45B-4821-82FA-174613A39F5F}"
EndProject
Project("{FAE04EC0-301F-11D3-BF4B-00C04F79EFBC}") = "CADUsuario", "CADUsuario\CADUsuario.csproj", "{3C4172E4-AB70-49F3-96C8-6F43776CE586}"
EndProject
Global
	GlobalSection(SolutionConfigurationPlatforms) = preSolution
		Debug|Any CPU = Debug|Any CPU
		Release|Any CPU = Release|Any CPU
	EndGlobalSection
	GlobalSection(ProjectConfigurationPlatforms) = postSolution
		{DA838510-F45B-4821-82FA-174613A39F5F}.Debug|Any CPU.ActiveCfg = Debug|Any CPU
		{DA838510-F45B-4821-82FA-174613A39F5F}.Debug|Any CPU.Build.0 = Debug|Any CPU
		{DA838510-F45B-4821-82FA-174613A39F5F}.Release|Any CPU.ActiveCfg = Release|Any CPU
		{DA838510-F45B-4821-82FA-174613A39F5F}.Release|Any CPU.Build.0 = Release|Any CPU
		{3C4172E4-AB70-49F3-96C8-6F43776CE586}.Debug|Any CPU.ActiveCfg = Debug|Any CPU
		{3C4172E4-AB70-49F3-96C8-6F43776CE586}.Debug|Any CPU.Build.0 = Debug|Any CPU
		{3C4172E4-AB70-49F3-96C8-6F43776CE586}.Release|Any CPU.ActiveCfg = Release|Any CPU
		{3C4172E4-AB70-49F3-96C8-6F43776CE586}.Release|Any CPU.Build.0 = Release|Any CPU
	EndGlobalSection
	GlobalSection(SolutionProperties) = preSolution
		HideSolutionNode = FALSE
	EndGlobalSection
	GlobalSection(ExtensibilityGlobals) = postSolution
		SolutionGuid = {B3B10F66-0676-4841-999F-5BA7311211FB}
	EndGlobalSection
EndGlobal
